{
  "name": "wasm-elementary-cellular-automaton",
  "lockfileVersion": 3,
  "requires": true,
  "packages": {
    "": {
      "dependencies": {
        "wasm-elementary-cellular-automaton": "file:pkg"
      }
    },
    "node_modules/wasm-elementary-cellular-automaton": {
      "resolved": "pkg",
      "link": true
    },
    "pkg": {
      "name": "wasm-elementary-cellular-automaton",
      "version": "0.1.0"
    }
  }
}
